<?xml version="1.0" encoding="utf-8"?>
<Project ToolsVersion="4.0" xmlns="http://schemas.microsoft.com/developer/msbuild/2003">
  <ItemGroup>
    <ClCompile Include="FileController.cpp" />
    <ClCompile Include="GalMaker.cpp" />
    <ClCompile Include="GalPlayer\CG.cpp" />
    <ClCompile Include="GalPlayer\DialogBox.cpp" />
    <ClCompile Include="GalPlayer\PutPictuerAlpha.cpp" />
    <ClCompile Include="GalPlayer\TachieBox.cpp" />
    <ClCompile Include="GalPlayer\test.cpp" />
    <ClCompile Include="GalPlayer\TextBox.cpp" />
    <ClCompile Include="TxtMaker.cpp" />
    <ClCompile Include="TxtPlayer.cpp" />
    <ClCompile Include="UI.cpp" />
    <ClCompile Include="MainInterface.cpp" />
  </ItemGroup>
  <ItemGroup>
    <ClInclude Include="FileController.h" />
    <ClInclude Include="GalPlayer\CG.h" />
    <ClInclude Include="GalPlayer\DialogBox.h" />
    <ClInclude Include="GalPlayer\PutPictuerAlpha.h" />
    <ClInclude Include="GalPlayer\TachieBox.h" />
    <ClInclude Include="GalPlayer\TextBox.h" />
    <ClInclude Include="TxtMaker.h" />
    <ClInclude Include="TxtPlayer.h" />
    <ClInclude Include="UI.h" />
    <ClInclude Include="MainInterface.h" />
  </ItemGroup>
  <ItemGroup>
    <Text Include="文件转txt编码规则.txt" />
  </ItemGroup>
</Project>